
Microsoft Visual Studio Solution File, Format Version 12.00
# Visual Studio Version 17
VisualStudioVersion = 17.0.32014.148
MinimumVisualStudioVersion = 10.0.40219.1
Project("{FAE04EC0-301F-11D3-BF4B-00C04F79EFBC}") = "csharp-aula0", "csharp-aula0\csharp-aula0.csproj", "{DFAD9623-4A73-4ECB-A7DB-08B2CEFF6D71}"
EndProject
Global
	GlobalSection(SolutionConfigurationPlatforms) = preSolution
		Debug|Any CPU = Debug|Any CPU
		Release|Any CPU = Release|Any CPU
	EndGlobalSection
	GlobalSection(ProjectConfigurationPlatforms) = postSolution
		{DFAD9623-4A73-4ECB-A7DB-08B2CEFF6D71}.Debug|Any CPU.ActiveCfg = Debug|Any CPU
		{DFAD9623-4A73-4ECB-A7DB-08B2CEFF6D71}.Debug|Any CPU.Build.0 = Debug|Any CPU
		{DFAD9623-4A73-4ECB-A7DB-08B2CEFF6D71}.Release|Any CPU.ActiveCfg = Release|Any CPU
		{DFAD9623-4A73-4ECB-A7DB-08B2CEFF6D71}.Release|Any CPU.Build.0 = Release|Any CPU
	EndGlobalSection
	GlobalSection(SolutionProperties) = preSolution
		HideSolutionNode = FALSE
	EndGlobalSection
	GlobalSection(ExtensibilityGlobals) = postSolution
		SolutionGuid = {67A585F3-D839-43B8-9448-A573E8BFF12A}
	EndGlobalSection
EndGlobal
